
Microsoft Visual Studio Solution File, Format Version 12.00
# Visual Studio Version 17
VisualStudioVersion = 17.14.36429.23 d17.14
MinimumVisualStudioVersion = 10.0.40219.1
Project("{FAE04EC0-301F-11D3-BF4B-00C04F79EFBC}") = "Presentacion", "Presentacion\Presentacion.csproj", "{489821A5-DE7F-444A-B1CC-F233682A061B}"
EndProject
Project("{FAE04EC0-301F-11D3-BF4B-00C04F79EFBC}") = "Datos", "Datos\Datos.csproj", "{FA26D00C-ACC3-490A-A4F6-E6FEF81CD4C3}"
EndProject
Project("{FAE04EC0-301F-11D3-BF4B-00C04F79EFBC}") = "Negocio", "Negocio\Negocio.csproj", "{74FE9F60-FAC7-4377-9DF9-950AC31D2CDF}"
EndProject
Global
	GlobalSection(SolutionConfigurationPlatforms) = preSolution
		Debug|Any CPU = Debug|Any CPU
		Release|Any CPU = Release|Any CPU
	EndGlobalSection
	GlobalSection(ProjectConfigurationPlatforms) = postSolution
		{489821A5-DE7F-444A-B1CC-F233682A061B}.Debug|Any CPU.ActiveCfg = Debug|Any CPU
		{489821A5-DE7F-444A-B1CC-F233682A061B}.Debug|Any CPU.Build.0 = Debug|Any CPU
		{489821A5-DE7F-444A-B1CC-F233682A061B}.Release|Any CPU.ActiveCfg = Release|Any CPU
		{489821A5-DE7F-444A-B1CC-F233682A061B}.Release|Any CPU.Build.0 = Release|Any CPU
		{FA26D00C-ACC3-490A-A4F6-E6FEF81CD4C3}.Debug|Any CPU.ActiveCfg = Debug|Any CPU
		{FA26D00C-ACC3-490A-A4F6-E6FEF81CD4C3}.Debug|Any CPU.Build.0 = Debug|Any CPU
		{FA26D00C-ACC3-490A-A4F6-E6FEF81CD4C3}.Release|Any CPU.ActiveCfg = Release|Any CPU
		{FA26D00C-ACC3-490A-A4F6-E6FEF81CD4C3}.Release|Any CPU.Build.0 = Release|Any CPU
		{74FE9F60-FAC7-4377-9DF9-950AC31D2CDF}.Debug|Any CPU.ActiveCfg = Debug|Any CPU
		{74FE9F60-FAC7-4377-9DF9-950AC31D2CDF}.Debug|Any CPU.Build.0 = Debug|Any CPU
		{74FE9F60-FAC7-4377-9DF9-950AC31D2CDF}.Release|Any CPU.ActiveCfg = Release|Any CPU
		{74FE9F60-FAC7-4377-9DF9-950AC31D2CDF}.Release|Any CPU.Build.0 = Release|Any CPU
	EndGlobalSection
	GlobalSection(SolutionProperties) = preSolution
		HideSolutionNode = FALSE
	EndGlobalSection
	GlobalSection(ExtensibilityGlobals) = postSolution
		SolutionGuid = {B37908F4-1E71-4217-85E2-06EF9BB1D149}
	EndGlobalSection
EndGlobal
